
Microsoft Visual Studio Solution File, Format Version 12.00
# Visual Studio 14
VisualStudioVersion = 14.0.25123.0
MinimumVisualStudioVersion = 10.0.40219.1
Project("{8BB2217D-0F2D-49D1-97BC-3654ED321F3B}") = "System.AppDomain", "System.AppDomain.xproj", "{C418225C-309E-46FE-A25B-5D484F75E671}"
EndProject
Project("{2150E333-8FDC-42A3-9474-1A3956D46DE8}") = "Solution Items", "Solution Items", "{9CFB31BC-F7AE-4182-A383-B8F07690523C}"
	ProjectSection(SolutionItems) = preProject
		global.json = global.json
	EndProjectSection
EndProject
Global
	GlobalSection(SolutionConfigurationPlatforms) = preSolution
		Debug|Any CPU = Debug|Any CPU
		Release|Any CPU = Release|Any CPU
		ReleaseSign|Any CPU = ReleaseSign|Any CPU
	EndGlobalSection
	GlobalSection(ProjectConfigurationPlatforms) = postSolution
		{C418225C-309E-46FE-A25B-5D484F75E671}.Debug|Any CPU.ActiveCfg = Debug|Any CPU
		{C418225C-309E-46FE-A25B-5D484F75E671}.Debug|Any CPU.Build.0 = Debug|Any CPU
		{C418225C-309E-46FE-A25B-5D484F75E671}.Release|Any CPU.ActiveCfg = Release|Any CPU
		{C418225C-309E-46FE-A25B-5D484F75E671}.Release|Any CPU.Build.0 = Release|Any CPU
		{C418225C-309E-46FE-A25B-5D484F75E671}.ReleaseSign|Any CPU.ActiveCfg = ReleaseSign|Any CPU
		{C418225C-309E-46FE-A25B-5D484F75E671}.ReleaseSign|Any CPU.Build.0 = ReleaseSign|Any CPU
	EndGlobalSection
	GlobalSection(SolutionProperties) = preSolution
		HideSolutionNode = FALSE
	EndGlobalSection
EndGlobal
